
Microsoft Visual Studio Solution File, Format Version 11.00
# Visual Studio 2010
Project("{FAE04EC0-301F-11D3-BF4B-00C04F79EFBC}") = "VRGenr8Art", "Assembly-CSharp.csproj", "{4912D15C-965B-460D-272E-14043F856A00}"
EndProject
Project("{FAE04EC0-301F-11D3-BF4B-00C04F79EFBC}") = "VRGenr8Art", "Assembly-CSharp-Editor.csproj", "{351EB7FB-3877-6AC2-4420-127DB7E296EE}"
EndProject
Global
	GlobalSection(SolutionConfigurationPlatforms) = preSolution
		Debug|Any CPU = Debug|Any CPU
		Release|Any CPU = Release|Any CPU
	EndGlobalSection
	GlobalSection(ProjectConfigurationPlatforms) = postSolution
		{4912D15C-965B-460D-272E-14043F856A00}.Debug|Any CPU.ActiveCfg = Debug|Any CPU
		{4912D15C-965B-460D-272E-14043F856A00}.Debug|Any CPU.Build.0 = Debug|Any CPU
		{4912D15C-965B-460D-272E-14043F856A00}.Release|Any CPU.ActiveCfg = Release|Any CPU
		{4912D15C-965B-460D-272E-14043F856A00}.Release|Any CPU.Build.0 = Release|Any CPU
		{351EB7FB-3877-6AC2-4420-127DB7E296EE}.Debug|Any CPU.ActiveCfg = Debug|Any CPU
		{351EB7FB-3877-6AC2-4420-127DB7E296EE}.Debug|Any CPU.Build.0 = Debug|Any CPU
		{351EB7FB-3877-6AC2-4420-127DB7E296EE}.Release|Any CPU.ActiveCfg = Release|Any CPU
		{351EB7FB-3877-6AC2-4420-127DB7E296EE}.Release|Any CPU.Build.0 = Release|Any CPU
	EndGlobalSection
	GlobalSection(SolutionProperties) = preSolution
		HideSolutionNode = FALSE
	EndGlobalSection
	GlobalSection(MonoDevelopProperties) = preSolution
		StartupItem = Assembly-CSharp.csproj
	EndGlobalSection
EndGlobal
